
Microsoft Visual Studio Solution File, Format Version 12.00
# Visual Studio Version 17
VisualStudioVersion = 17.10.35201.131
MinimumVisualStudioVersion = 10.0.40219.1
Project("{FAE04EC0-301F-11D3-BF4B-00C04F79EFBC}") = "Tetris", "Tetris\Tetris.csproj", "{451422E5-CFF3-4663-959D-F879D93FE5BD}"
EndProject
Global
	GlobalSection(SolutionConfigurationPlatforms) = preSolution
		Debug|Any CPU = Debug|Any CPU
		Release|Any CPU = Release|Any CPU
	EndGlobalSection
	GlobalSection(ProjectConfigurationPlatforms) = postSolution
		{451422E5-CFF3-4663-959D-F879D93FE5BD}.Debug|Any CPU.ActiveCfg = Debug|Any CPU
		{451422E5-CFF3-4663-959D-F879D93FE5BD}.Debug|Any CPU.Build.0 = Debug|Any CPU
		{451422E5-CFF3-4663-959D-F879D93FE5BD}.Release|Any CPU.ActiveCfg = Release|Any CPU
		{451422E5-CFF3-4663-959D-F879D93FE5BD}.Release|Any CPU.Build.0 = Release|Any CPU
	EndGlobalSection
	GlobalSection(SolutionProperties) = preSolution
		HideSolutionNode = FALSE
	EndGlobalSection
	GlobalSection(ExtensibilityGlobals) = postSolution
		SolutionGuid = {93DB7EFA-D4D7-4ACF-85E7-B9D8C5522C08}
	EndGlobalSection
EndGlobal
